// !$*UTF8*$!
{
	archiveVersion = 1;
	classes = {
	};
	objectVersion = 46;
	objects = {

/* Begin PBXBuildFile section */
		FA12F2A81C5E1E5A0088DF7A /* PhotoAlbumCollectionViewCell.swift in Sources */ = {isa = PBXBuildFile; fileRef = FA12F2A71C5E1E5A0088DF7A /* PhotoAlbumCollectionViewCell.swift */; };
		FA568C9C1C577BF300D70EFD /* PhotoAlbumViewController.swift in Sources */ = {isa = PBXBuildFile; fileRef = FA568C9B1C577BF300D70EFD /* PhotoAlbumViewController.swift */; };
		FA568CA81C5DABB900D70EFD /* Pin.swift in Sources */ = {isa = PBXBuildFile; fileRef = FA568CA71C5DABB900D70EFD /* Pin.swift */; };
		FA568CAB1C5DADA600D70EFD /* CoreDataStackManager.swift in Sources */ = {isa = PBXBuildFile; fileRef = FA568CAA1C5DADA600D70EFD /* CoreDataStackManager.swift */; };
		FA568CAE1C5DB40B00D70EFD /* Model.xcdatamodeld in Sources */ = {isa = PBXBuildFile; fileRef = FA568CAC1C5DB40B00D70EFD /* Model.xcdatamodeld */; };
		FADEBDF81C565F5F00FBDBB4 /* AppDelegate.swift in Sources */ = {isa = PBXBuildFile; fileRef = FADEBDF71C565F5F00FBDBB4 /* AppDelegate.swift */; };
		FADEBDFA1C565F5F00FBDBB4 /* MapViewController.swift in Sources */ = {isa = PBXBuildFile; fileRef = FADEBDF91C565F5F00FBDBB4 /* MapViewController.swift */; };
		FADEBDFD1C565F5F00FBDBB4 /* Main.storyboard in Resources */ = {isa = PBXBuildFile; fileRef = FADEBDFB1C565F5F00FBDBB4 /* Main.storyboard */; };
		FADEBE021C565F6000FBDBB4 /* Assets.xcassets in Resources */ = {isa = PBXBuildFile; fileRef = FADEBE011C565F6000FBDBB4 /* Assets.xcassets */; };
		FADEBE051C565F6000FBDBB4 /* LaunchScreen.storyboard in Resources */ = {isa = PBXBuildFile; fileRef = FADEBE031C565F6000FBDBB4 /* LaunchScreen.storyboard */; };
		FADEBE0D1C5672B300FBDBB4 /* plan.txt in Resources */ = {isa = PBXBuildFile; fileRef = FADEBE0C1C5672B300FBDBB4 /* plan.txt */; };
/* End PBXBuildFile section */

/* Begin PBXFileReference section */
		FA12F2A71C5E1E5A0088DF7A /* PhotoAlbumCollectionViewCell.swift */ = {isa = PBXFileReference; fileEncoding = 4; lastKnownFileType = sourcecode.swift; path = PhotoAlbumCollectionViewCell.swift; sourceTree = "<group>"; };
		FA568C9B1C577BF300D70EFD /* PhotoAlbumViewController.swift */ = {isa = PBXFileReference; fileEncoding = 4; lastKnownFileType = sourcecode.swift; path = PhotoAlbumViewController.swift; sourceTree = "<group>"; };
		FA568CA71C5DABB900D70EFD /* Pin.swift */ = {isa = PBXFileReference; fileEncoding = 4; lastKnownFileType = sourcecode.swift; lineEnding = 0; path = Pin.swift; sourceTree = "<group>"; xcLanguageSpecificationIdentifier = xcode.lang.swift; };
		FA568CAA1C5DADA600D70EFD /* CoreDataStackManager.swift */ = {isa = PBXFileReference; fileEncoding = 4; lastKnownFileType = sourcecode.swift; path = CoreDataStackManager.swift; sourceTree = "<group>"; };
		FA568CAD1C5DB40B00D70EFD /* Model.xcdatamodel */ = {isa = PBXFileReference; lastKnownFileType = wrapper.xcdatamodel; path = Model.xcdatamodel; sourceTree = "<group>"; };
		FADEBDF41C565F5E00FBDBB4 /* VirtualTourist.app */ = {isa = PBXFileReference; explicitFileType = wrapper.application; includeInIndex = 0; path = VirtualTourist.app; sourceTree = BUILT_PRODUCTS_DIR; };
		FADEBDF71C565F5F00FBDBB4 /* AppDelegate.swift */ = {isa = PBXFileReference; lastKnownFileType = sourcecode.swift; path = AppDelegate.swift; sourceTree = "<group>"; };
		FADEBDF91C565F5F00FBDBB4 /* MapViewController.swift */ = {isa = PBXFileReference; lastKnownFileType = sourcecode.swift; lineEnding = 0; path = MapViewController.swift; sourceTree = "<group>"; xcLanguageSpecificationIdentifier = xcode.lang.swift; };
		FADEBDFC1C565F5F00FBDBB4 /* Base */ = {isa = PBXFileReference; lastKnownFileType = file.storyboard; name = Base; path = Base.lproj/Main.storyboard; sourceTree = "<group>"; };
		FADEBE011C565F6000FBDBB4 /* Assets.xcassets */ = {isa = PBXFileReference; lastKnownFileType = folder.assetcatalog; path = Assets.xcassets; sourceTree = "<group>"; };
		FADEBE041C565F6000FBDBB4 /* Base */ = {isa = PBXFileReference; lastKnownFileType = file.storyboard; name = Base; path = Base.lproj/LaunchScreen.storyboard; sourceTree = "<group>"; };
		FADEBE061C565F6000FBDBB4 /* Info.plist */ = {isa = PBXFileReference; lastKnownFileType = text.plist.xml; path = Info.plist; sourceTree = "<group>"; };
		FADEBE0C1C5672B300FBDBB4 /* plan.txt */ = {isa = PBXFileReference; fileEncoding = 4; lastKnownFileType = text; path = plan.txt; sourceTree = "<group>"; };
/* End PBXFileReference section */

/* Begin PBXFrameworksBuildPhase section */
		FADEBDF11C565F5E00FBDBB4 /* Frameworks */ = {
			isa = PBXFrameworksBuildPhase;
			buildActionMask = 2147483647;
			files = (
			);
			runOnlyForDeploymentPostprocessing = 0;
		};
/* End PBXFrameworksBuildPhase section */

/* Begin PBXGroup section */
		FA568CA91C5DABC800D70EFD /* Model */ = {
			isa = PBXGroup;
			children = (
				FA568CA71C5DABB900D70EFD /* Pin.swift */,
			);
			name = Model;
			sourceTree = "<group>";
		};
		FADEBDEB1C565F5E00FBDBB4 = {
			isa = PBXGroup;
			children = (
				FADEBDF61C565F5F00FBDBB4 /* VirtualTourist */,
				FADEBDF51C565F5E00FBDBB4 /* Products */,
			);
			sourceTree = "<group>";
		};
		FADEBDF51C565F5E00FBDBB4 /* Products */ = {
			isa = PBXGroup;
			children = (
				FADEBDF41C565F5E00FBDBB4 /* VirtualTourist.app */,
			);
			name = Products;
			sourceTree = "<group>";
		};
		FADEBDF61C565F5F00FBDBB4 /* VirtualTourist */ = {
			isa = PBXGroup;
			children = (
				FA568CA91C5DABC800D70EFD /* Model */,
				FADEBDF71C565F5F00FBDBB4 /* AppDelegate.swift */,
				FADEBDF91C565F5F00FBDBB4 /* MapViewController.swift */,
				FA568CAC1C5DB40B00D70EFD /* Model.xcdatamodeld */,
				FA568CAA1C5DADA600D70EFD /* CoreDataStackManager.swift */,
				FA568C9B1C577BF300D70EFD /* PhotoAlbumViewController.swift */,
				FA12F2A71C5E1E5A0088DF7A /* PhotoAlbumCollectionViewCell.swift */,
				FADEBE0C1C5672B300FBDBB4 /* plan.txt */,
				FADEBDFB1C565F5F00FBDBB4 /* Main.storyboard */,
				FADEBE011C565F6000FBDBB4 /* Assets.xcassets */,
				FADEBE031C565F6000FBDBB4 /* LaunchScreen.storyboard */,
				FADEBE061C565F6000FBDBB4 /* Info.plist */,
			);
			path = VirtualTourist;
			sourceTree = "<group>";
		};
/* End PBXGroup section */

/* Begin PBXNativeTarget section */
		FADEBDF31C565F5E00FBDBB4 /* VirtualTourist */ = {
			isa = PBXNativeTarget;
			buildConfigurationList = FADEBE091C565F6000FBDBB4 /* Build configuration list for PBXNativeTarget "VirtualTourist" */;
			buildPhases = (
				FADEBDF01C565F5E00FBDBB4 /* Sources */,
				FADEBDF11C565F5E00FBDBB4 /* Frameworks */,
				FADEBDF21C565F5E00FBDBB4 /* Resources */,
			);
			buildRules = (
			);
			dependencies = (
			);
			name = VirtualTourist;
			productName = VirtualTourist;
			productReference = FADEBDF41C565F5E00FBDBB4 /* VirtualTourist.app */;
			productType = "com.apple.product-type.application";
		};
/* End PBXNativeTarget section */

/* Begin PBXProject section */
		FADEBDEC1C565F5E00FBDBB4 /* Project object */ = {
			isa = PBXProject;
			attributes = {
				LastSwiftUpdateCheck = 0720;
				LastUpgradeCheck = 0720;
				ORGANIZATIONNAME = hunglun;
				TargetAttributes = {
					FADEBDF31C565F5E00FBDBB4 = {
						CreatedOnToolsVersion = 7.2;
					};
				};
			};
			buildConfigurationList = FADEBDEF1C565F5E00FBDBB4 /* Build configuration list for PBXProject "VirtualTourist" */;
			compatibilityVersion = "Xcode 3.2";
			developmentRegion = English;
			hasScannedForEncodings = 0;
			knownRegions = (
				en,
				Base,
			);
			mainGroup = FADEBDEB1C565F5E00FBDBB4;
			productRefGroup = FADEBDF51C565F5E00FBDBB4 /* Products */;
			projectDirPath = "";
			projectRoot = "";
			targets = (
				FADEBDF31C565F5E00FBDBB4 /* VirtualTourist */,
			);
		};
/* End PBXProject section */

/* Begin PBXResourcesBuildPhase section */
		FADEBDF21C565F5E00FBDBB4 /* Resources */ = {
			isa = PBXResourcesBuildPhase;
			buildActionMask = 2147483647;
			files = (
				FADEBE051C565F6000FBDBB4 /* LaunchScreen.storyboard in Resources */,
				FADEBE0D1C5672B300FBDBB4 /* plan.txt in Resources */,
				FADEBE021C565F6000FBDBB4 /* Assets.xcassets in Resources */,
				FADEBDFD1C565F5F00FBDBB4 /* Main.storyboard in Resources */,
			);
			runOnlyForDeploymentPostprocessing = 0;
		};
/* End PBXResourcesBuildPhase section */

/* Begin PBXSourcesBuildPhase section */
		FADEBDF01C565F5E00FBDBB4 /* Sources */ = {
			isa = PBXSourcesBuildPhase;
			buildActionMask = 2147483647;
			files = (
				FA568CA81C5DABB900D70EFD /* Pin.swift in Sources */,
				FADEBDFA1C565F5F00FBDBB4 /* MapViewController.swift in Sources */,
				FADEBDF81C565F5F00FBDBB4 /* AppDelegate.swift in Sources */,
				FA568CAE1C5DB40B00D70EFD /* Model.xcdatamodeld in Sources */,
				FA568C9C1C577BF300D70EFD /* PhotoAlbumViewController.swift in Sources */,
				FA568CAB1C5DADA600D70EFD /* CoreDataStackManager.swift in Sources */,
				FA12F2A81C5E1E5A0088DF7A /* PhotoAlbumCollectionViewCell.swift in Sources */,
			);
			runOnlyForDeploymentPostprocessing = 0;
		};
/* End PBXSourcesBuildPhase section */

/* Begin PBXVariantGroup section */
		FADEBDFB1C565F5F00FBDBB4 /* Main.storyboard */ = {
			isa = PBXVariantGroup;
			children = (
				FADEBDFC1C565F5F00FBDBB4 /* Base */,
			);
			name = Main.storyboard;
			sourceTree = "<group>";
		};
		FADEBE031C565F6000FBDBB4 /* LaunchScreen.storyboard */ = {
			isa = PBXVariantGroup;
			children = (
				FADEBE041C565F6000FBDBB4 /* Base */,
			);
			name = LaunchScreen.storyboard;
			sourceTree = "<group>";
		};
/* End PBXVariantGroup section */

/* Begin XCBuildConfiguration section */
		FADEBE071C565F6000FBDBB4 /* Debug */ = {
			isa = XCBuildConfiguration;
			buildSettings = {
				ALWAYS_SEARCH_USER_PATHS = NO;
				CLANG_CXX_LANGUAGE_STANDARD = "gnu++0x";
				CLANG_CXX_LIBRARY = "libc++";
				CLANG_ENABLE_MODULES = YES;
				CLANG_ENABLE_OBJC_ARC = YES;
				CLANG_WARN_BOOL_CONVERSION = YES;
				CLANG_WARN_CONSTANT_CONVERSION = YES;
				CLANG_WARN_DIRECT_OBJC_ISA_USAGE = YES_ERROR;
				CLANG_WARN_EMPTY_BODY = YES;
				CLANG_WARN_ENUM_CONVERSION = YES;
				CLANG_WARN_INT_CONVERSION = YES;
				CLANG_WARN_OBJC_ROOT_CLASS = YES_ERROR;
				CLANG_WARN_UNREACHABLE_CODE = YES;
				CLANG_WARN__DUPLICATE_METHOD_MATCH = YES;
				"CODE_SIGN_IDENTITY[sdk=iphoneos*]" = "iPhone Developer";
				COPY_PHASE_STRIP = NO;
				DEBUG_INFORMATION_FORMAT = dwarf;
				ENABLE_STRICT_OBJC_MSGSEND = YES;
				ENABLE_TESTABILITY = YES;
				GCC_C_LANGUAGE_STANDARD = gnu99;
				GCC_DYNAMIC_NO_PIC = NO;
				GCC_NO_COMMON_BLOCKS = YES;
				GCC_OPTIMIZATION_LEVEL = 0;
				GCC_PREPROCESSOR_DEFINITIONS = (
					"DEBUG=1",
					"$(inherited)",
				);
				GCC_WARN_64_TO_32_BIT_CONVERSION = YES;
				GCC_WARN_ABOUT_RETURN_TYPE = YES_ERROR;
				GCC_WARN_UNDECLARED_SELECTOR = YES;
				GCC_WARN_UNINITIALIZED_AUTOS = YES_AGGRESSIVE;
				GCC_WARN_UNUSED_FUNCTION = YES;
				GCC_WARN_UNUSED_VARIABLE = YES;
				IPHONEOS_DEPLOYMENT_TARGET = 9.2;
				MTL_ENABLE_DEBUG_INFO = YES;
				ONLY_ACTIVE_ARCH = YES;
				SDKROOT = iphoneos;
				SWIFT_OPTIMIZATION_LEVEL = "-Onone";
				TARGETED_DEVICE_FAMILY = "1,2";
			};
			name = Debug;
		};
		FADEBE081C565F6000FBDBB4 /* Release */ = {
			isa = XCBuildConfiguration;
			buildSettings = {
				ALWAYS_SEARCH_USER_PATHS = NO;
				CLANG_CXX_LANGUAGE_STANDARD = "gnu++0x";
				CLANG_CXX_LIBRARY = "libc++";
				CLANG_ENABLE_MODULES = YES;
				CLANG_ENABLE_OBJC_ARC = YES;
				CLANG_WARN_BOOL_CONVERSION = YES;
				CLANG_WARN_CONSTANT_CONVERSION = YES;
				CLANG_WARN_DIRECT_OBJC_ISA_USAGE = YES_ERROR;
				CLANG_WARN_EMPTY_BODY = YES;
				CLANG_WARN_ENUM_CONVERSION = YES;
				CLANG_WARN_INT_CONVERSION = YES;
				CLANG_WARN_OBJC_ROOT_CLASS = YES_ERROR;
				CLANG_WARN_UNREACHABLE_CODE = YES;
				CLANG_WARN__DUPLICATE_METHOD_MATCH = YES;
				"CODE_SIGN_IDENTITY[sdk=iphoneos*]" = "iPhone Developer";
				COPY_PHASE_STRIP = NO;
				DEBUG_INFORMATION_FORMAT = "dwarf-with-dsym";
				ENABLE_NS_ASSERTIONS = NO;
				ENABLE_STRICT_OBJC_MSGSEND = YES;
				GCC_C_LANGUAGE_STANDARD = gnu99;
				GCC_NO_COMMON_BLOCKS = YES;
				GCC_WARN_64_TO_32_BIT_CONVERSION = YES;
				GCC_WARN_ABOUT_RETURN_TYPE = YES_ERROR;
				GCC_WARN_UNDECLARED_SELECTOR = YES;
				GCC_WARN_UNINITIALIZED_AUTOS = YES_AGGRESSIVE;
				GCC_WARN_UNUSED_FUNCTION = YES;
				GCC_WARN_UNUSED_VARIABLE = YES;
				IPHONEOS_DEPLOYMENT_TARGET = 9.2;
				MTL_ENABLE_DEBUG_INFO = NO;
				SDKROOT = iphoneos;
				TARGETED_DEVICE_FAMILY = "1,2";
				VALIDATE_PRODUCT = YES;
			};
			name = Release;
		};
		FADEBE0A1C565F6000FBDBB4 /* Debug */ = {
			isa = XCBuildConfiguration;
			buildSettings = {
				ASSETCATALOG_COMPILER_APPICON_NAME = AppIcon;
				INFOPLIST_FILE = VirtualTourist/Info.plist;
				LD_RUNPATH_SEARCH_PATHS = "$(inherited) @executable_path/Frameworks";
				PRODUCT_BUNDLE_IDENTIFIER = hunglun.VirtualTourist;
				PRODUCT_NAME = "$(TARGET_NAME)";
			};
			name = Debug;
		};
		FADEBE0B1C565F6000FBDBB4 /* Release */ = {
			isa = XCBuildConfiguration;
			buildSettings = {
				ASSETCATALOG_COMPILER_APPICON_NAME = AppIcon;
				INFOPLIST_FILE = VirtualTourist/Info.plist;
				LD_RUNPATH_SEARCH_PATHS = "$(inherited) @executable_path/Frameworks";
				PRODUCT_BUNDLE_IDENTIFIER = hunglun.VirtualTourist;
				PRODUCT_NAME = "$(TARGET_NAME)";
			};
			name = Release;
		};
/* End XCBuildConfiguration section */

/* Begin XCConfigurationList section */
		FADEBDEF1C565F5E00FBDBB4 /* Build configuration list for PBXProject "VirtualTourist" */ = {
			isa = XCConfigurationList;
			buildConfigurations = (
				FADEBE071C565F6000FBDBB4 /* Debug */,
				FADEBE081C565F6000FBDBB4 /* Release */,
			);
			defaultConfigurationIsVisible = 0;
			defaultConfigurationName = Release;
		};
		FADEBE091C565F6000FBDBB4 /* Build configuration list for PBXNativeTarget "VirtualTourist" */ = {
			isa = XCConfigurationList;
			buildConfigurations = (
				FADEBE0A1C565F6000FBDBB4 /* Debug */,
				FADEBE0B1C565F6000FBDBB4 /* Release */,
			);
			defaultConfigurationIsVisible = 0;
			defaultConfigurationName = Release;
		};
/* End XCConfigurationList section */

/* Begin XCVersionGroup section */
		FA568CAC1C5DB40B00D70EFD /* Model.xcdatamodeld */ = {
			isa = XCVersionGroup;
			children = (
				FA568CAD1C5DB40B00D70EFD /* Model.xcdatamodel */,
			);
			currentVersion = FA568CAD1C5DB40B00D70EFD /* Model.xcdatamodel */;
			path = Model.xcdatamodeld;
			sourceTree = "<group>";
			versionGroupType = wrapper.xcdatamodel;
		};
/* End XCVersionGroup section */
	};
	rootObject = FADEBDEC1C565F5E00FBDBB4 /* Project object */;
}
